
Microsoft Visual Studio Solution File, Format Version 12.00
# Visual Studio Version 16
VisualStudioVersion = 16.0.31025.194
MinimumVisualStudioVersion = 10.0.40219.1
Project("{FAE04EC0-301F-11D3-BF4B-00C04F79EFBC}") = "CommentoSSO", "CommentoSSO\CommentoSSO.csproj", "{5489AB4B-0337-4AC8-A3C1-06942735903E}"
EndProject
Global
	GlobalSection(SolutionConfigurationPlatforms) = preSolution
		Debug|Any CPU = Debug|Any CPU
		Release|Any CPU = Release|Any CPU
	EndGlobalSection
	GlobalSection(ProjectConfigurationPlatforms) = postSolution
		{5489AB4B-0337-4AC8-A3C1-06942735903E}.Debug|Any CPU.ActiveCfg = Debug|Any CPU
		{5489AB4B-0337-4AC8-A3C1-06942735903E}.Debug|Any CPU.Build.0 = Debug|Any CPU
		{5489AB4B-0337-4AC8-A3C1-06942735903E}.Release|Any CPU.ActiveCfg = Release|Any CPU
		{5489AB4B-0337-4AC8-A3C1-06942735903E}.Release|Any CPU.Build.0 = Release|Any CPU
	EndGlobalSection
	GlobalSection(SolutionProperties) = preSolution
		HideSolutionNode = FALSE
	EndGlobalSection
	GlobalSection(ExtensibilityGlobals) = postSolution
		SolutionGuid = {057A1379-F6AC-4A63-B640-F22AC5837A0D}
	EndGlobalSection
EndGlobal
